// !$*UTF8*$!
{
	archiveVersion = 1;
	classes = {
	};
	objectVersion = 56;
	objects = {

/* Begin PBXBuildFile section */
		BF2EAC222A20CBE90070B93D /* APICaller.swift in Sources */ = {isa = PBXBuildFile; fileRef = BF2EAC212A20CBE90070B93D /* APICaller.swift */; };
		BF2EAC242A20CF8E0070B93D /* Title.swift in Sources */ = {isa = PBXBuildFile; fileRef = BF2EAC232A20CF8E0070B93D /* Title.swift */; };
		BF2EAC262A20D67C0070B93D /* Extensions.swift in Sources */ = {isa = PBXBuildFile; fileRef = BF2EAC252A20D67C0070B93D /* Extensions.swift */; };
		BF3261142A1E35CD00579DB2 /* AppDelegate.swift in Sources */ = {isa = PBXBuildFile; fileRef = BF3261132A1E35CD00579DB2 /* AppDelegate.swift */; };
		BF3261162A1E35CD00579DB2 /* SceneDelegate.swift in Sources */ = {isa = PBXBuildFile; fileRef = BF3261152A1E35CD00579DB2 /* SceneDelegate.swift */; };
		BF3261182A1E35CD00579DB2 /* MainTabBarViewController.swift in Sources */ = {isa = PBXBuildFile; fileRef = BF3261172A1E35CD00579DB2 /* MainTabBarViewController.swift */; };
		BF32611D2A1E35CE00579DB2 /* Assets.xcassets in Resources */ = {isa = PBXBuildFile; fileRef = BF32611C2A1E35CE00579DB2 /* Assets.xcassets */; };
		BF3261202A1E35CE00579DB2 /* LaunchScreen.storyboard in Resources */ = {isa = PBXBuildFile; fileRef = BF32611E2A1E35CE00579DB2 /* LaunchScreen.storyboard */; };
		BF3261292A1E37C100579DB2 /* HomeViewController.swift in Sources */ = {isa = PBXBuildFile; fileRef = BF3261282A1E37C100579DB2 /* HomeViewController.swift */; };
		BF32612B2A1E37D000579DB2 /* UpcomingViewController.swift in Sources */ = {isa = PBXBuildFile; fileRef = BF32612A2A1E37D000579DB2 /* UpcomingViewController.swift */; };
		BF32612D2A1E37F400579DB2 /* SearchViewController.swift in Sources */ = {isa = PBXBuildFile; fileRef = BF32612C2A1E37F400579DB2 /* SearchViewController.swift */; };
		BF32612F2A1E381100579DB2 /* DownloadsViewController.swift in Sources */ = {isa = PBXBuildFile; fileRef = BF32612E2A1E381100579DB2 /* DownloadsViewController.swift */; };
		BF3261362A1E443500579DB2 /* CollectionViewTableViewCell.swift in Sources */ = {isa = PBXBuildFile; fileRef = BF3261352A1E443500579DB2 /* CollectionViewTableViewCell.swift */; };
		BF3261382A1ED60100579DB2 /* HeroHeaderUIView.swift in Sources */ = {isa = PBXBuildFile; fileRef = BF3261372A1ED60100579DB2 /* HeroHeaderUIView.swift */; };
		BFD7145F2A20FAE700CE7987 /* TitleCollectionViewCell.swift in Sources */ = {isa = PBXBuildFile; fileRef = BFD7145E2A20FAE700CE7987 /* TitleCollectionViewCell.swift */; };
		BFD714622A20FCA000CE7987 /* SDWebImage in Frameworks */ = {isa = PBXBuildFile; productRef = BFD714612A20FCA000CE7987 /* SDWebImage */; };
		BFD714642A20FCA000CE7987 /* SDWebImageMapKit in Frameworks */ = {isa = PBXBuildFile; productRef = BFD714632A20FCA000CE7987 /* SDWebImageMapKit */; };
		BFD714662A21A2C200CE7987 /* TitleTableViewCell.swift in Sources */ = {isa = PBXBuildFile; fileRef = BFD714652A21A2C200CE7987 /* TitleTableViewCell.swift */; };
		BFD714682A21A6D300CE7987 /* TitleViewModel.swift in Sources */ = {isa = PBXBuildFile; fileRef = BFD714672A21A6D300CE7987 /* TitleViewModel.swift */; };
		BFD7146A2A21BAC100CE7987 /* SearchResultsViewController.swift in Sources */ = {isa = PBXBuildFile; fileRef = BFD714692A21BAC100CE7987 /* SearchResultsViewController.swift */; };
		BFD7146E2A21CB3200CE7987 /* YoutubeSearchResponse.swift in Sources */ = {isa = PBXBuildFile; fileRef = BFD7146D2A21CB3200CE7987 /* YoutubeSearchResponse.swift */; };
		BFD714702A21F0E300CE7987 /* TitlePreviewViewController.swift in Sources */ = {isa = PBXBuildFile; fileRef = BFD7146F2A21F0E300CE7987 /* TitlePreviewViewController.swift */; };
		BFD714722A21F34700CE7987 /* TitlePreviewViewModel.swift in Sources */ = {isa = PBXBuildFile; fileRef = BFD714712A21F34700CE7987 /* TitlePreviewViewModel.swift */; };
/* End PBXBuildFile section */

/* Begin PBXFileReference section */
		BF2EAC212A20CBE90070B93D /* APICaller.swift */ = {isa = PBXFileReference; lastKnownFileType = sourcecode.swift; path = APICaller.swift; sourceTree = "<group>"; };
		BF2EAC232A20CF8E0070B93D /* Title.swift */ = {isa = PBXFileReference; lastKnownFileType = sourcecode.swift; path = Title.swift; sourceTree = "<group>"; };
		BF2EAC252A20D67C0070B93D /* Extensions.swift */ = {isa = PBXFileReference; lastKnownFileType = sourcecode.swift; path = Extensions.swift; sourceTree = "<group>"; };
		BF3261102A1E35CD00579DB2 /* NetflixClone.app */ = {isa = PBXFileReference; explicitFileType = wrapper.application; includeInIndex = 0; path = NetflixClone.app; sourceTree = BUILT_PRODUCTS_DIR; };
		BF3261132A1E35CD00579DB2 /* AppDelegate.swift */ = {isa = PBXFileReference; lastKnownFileType = sourcecode.swift; path = AppDelegate.swift; sourceTree = "<group>"; };
		BF3261152A1E35CD00579DB2 /* SceneDelegate.swift */ = {isa = PBXFileReference; lastKnownFileType = sourcecode.swift; path = SceneDelegate.swift; sourceTree = "<group>"; };
		BF3261172A1E35CD00579DB2 /* MainTabBarViewController.swift */ = {isa = PBXFileReference; lastKnownFileType = sourcecode.swift; path = MainTabBarViewController.swift; sourceTree = "<group>"; };
		BF32611C2A1E35CE00579DB2 /* Assets.xcassets */ = {isa = PBXFileReference; lastKnownFileType = folder.assetcatalog; path = Assets.xcassets; sourceTree = "<group>"; };
		BF32611F2A1E35CE00579DB2 /* Base */ = {isa = PBXFileReference; lastKnownFileType = file.storyboard; name = Base; path = Base.lproj/LaunchScreen.storyboard; sourceTree = "<group>"; };
		BF3261212A1E35CE00579DB2 /* Info.plist */ = {isa = PBXFileReference; lastKnownFileType = text.plist.xml; path = Info.plist; sourceTree = "<group>"; };
		BF3261282A1E37C100579DB2 /* HomeViewController.swift */ = {isa = PBXFileReference; lastKnownFileType = sourcecode.swift; path = HomeViewController.swift; sourceTree = "<group>"; };
		BF32612A2A1E37D000579DB2 /* UpcomingViewController.swift */ = {isa = PBXFileReference; lastKnownFileType = sourcecode.swift; path = UpcomingViewController.swift; sourceTree = "<group>"; };
		BF32612C2A1E37F400579DB2 /* SearchViewController.swift */ = {isa = PBXFileReference; lastKnownFileType = sourcecode.swift; path = SearchViewController.swift; sourceTree = "<group>"; };
		BF32612E2A1E381100579DB2 /* DownloadsViewController.swift */ = {isa = PBXFileReference; lastKnownFileType = sourcecode.swift; path = DownloadsViewController.swift; sourceTree = "<group>"; };
		BF3261352A1E443500579DB2 /* CollectionViewTableViewCell.swift */ = {isa = PBXFileReference; lastKnownFileType = sourcecode.swift; path = CollectionViewTableViewCell.swift; sourceTree = "<group>"; };
		BF3261372A1ED60100579DB2 /* HeroHeaderUIView.swift */ = {isa = PBXFileReference; lastKnownFileType = sourcecode.swift; path = HeroHeaderUIView.swift; sourceTree = "<group>"; };
		BFD7145E2A20FAE700CE7987 /* TitleCollectionViewCell.swift */ = {isa = PBXFileReference; lastKnownFileType = sourcecode.swift; path = TitleCollectionViewCell.swift; sourceTree = "<group>"; };
		BFD714652A21A2C200CE7987 /* TitleTableViewCell.swift */ = {isa = PBXFileReference; lastKnownFileType = sourcecode.swift; path = TitleTableViewCell.swift; sourceTree = "<group>"; };
		BFD714672A21A6D300CE7987 /* TitleViewModel.swift */ = {isa = PBXFileReference; lastKnownFileType = sourcecode.swift; path = TitleViewModel.swift; sourceTree = "<group>"; };
		BFD714692A21BAC100CE7987 /* SearchResultsViewController.swift */ = {isa = PBXFileReference; lastKnownFileType = sourcecode.swift; path = SearchResultsViewController.swift; sourceTree = "<group>"; };
		BFD7146D2A21CB3200CE7987 /* YoutubeSearchResponse.swift */ = {isa = PBXFileReference; lastKnownFileType = sourcecode.swift; path = YoutubeSearchResponse.swift; sourceTree = "<group>"; };
		BFD7146F2A21F0E300CE7987 /* TitlePreviewViewController.swift */ = {isa = PBXFileReference; lastKnownFileType = sourcecode.swift; path = TitlePreviewViewController.swift; sourceTree = "<group>"; };
		BFD714712A21F34700CE7987 /* TitlePreviewViewModel.swift */ = {isa = PBXFileReference; lastKnownFileType = sourcecode.swift; path = TitlePreviewViewModel.swift; sourceTree = "<group>"; };
/* End PBXFileReference section */

/* Begin PBXFrameworksBuildPhase section */
		BF32610D2A1E35CD00579DB2 /* Frameworks */ = {
			isa = PBXFrameworksBuildPhase;
			buildActionMask = 2147483647;
			files = (
				BFD714642A20FCA000CE7987 /* SDWebImageMapKit in Frameworks */,
				BFD714622A20FCA000CE7987 /* SDWebImage in Frameworks */,
			);
			runOnlyForDeploymentPostprocessing = 0;
		};
/* End PBXFrameworksBuildPhase section */

/* Begin PBXGroup section */
		BF3261072A1E35CD00579DB2 = {
			isa = PBXGroup;
			children = (
				BF3261122A1E35CD00579DB2 /* NetflixClone */,
				BF3261112A1E35CD00579DB2 /* Products */,
			);
			sourceTree = "<group>";
		};
		BF3261112A1E35CD00579DB2 /* Products */ = {
			isa = PBXGroup;
			children = (
				BF3261102A1E35CD00579DB2 /* NetflixClone.app */,
			);
			name = Products;
			sourceTree = "<group>";
		};
		BF3261122A1E35CD00579DB2 /* NetflixClone */ = {
			isa = PBXGroup;
			children = (
				BF3261342A1E438300579DB2 /* Managers */,
				BF3261332A1E437D00579DB2 /* Resources */,
				BF3261322A1E42E000579DB2 /* Models */,
				BF3261312A1E42D900579DB2 /* ViewModels */,
				BF3261302A1E42D000579DB2 /* Views */,
				BF3261272A1E379400579DB2 /* Controllers */,
				BF3261132A1E35CD00579DB2 /* AppDelegate.swift */,
				BF3261152A1E35CD00579DB2 /* SceneDelegate.swift */,
				BF32611C2A1E35CE00579DB2 /* Assets.xcassets */,
				BF32611E2A1E35CE00579DB2 /* LaunchScreen.storyboard */,
				BF3261212A1E35CE00579DB2 /* Info.plist */,
			);
			path = NetflixClone;
			sourceTree = "<group>";
		};
		BF3261272A1E379400579DB2 /* Controllers */ = {
			isa = PBXGroup;
			children = (
				BFD7146C2A21BAF800CE7987 /* General */,
				BFD7146B2A21BAE500CE7987 /* Core */,
			);
			path = Controllers;
			sourceTree = "<group>";
		};
		BF3261302A1E42D000579DB2 /* Views */ = {
			isa = PBXGroup;
			children = (
				BF3261352A1E443500579DB2 /* CollectionViewTableViewCell.swift */,
				BFD714652A21A2C200CE7987 /* TitleTableViewCell.swift */,
				BFD7145E2A20FAE700CE7987 /* TitleCollectionViewCell.swift */,
				BF3261372A1ED60100579DB2 /* HeroHeaderUIView.swift */,
			);
			path = Views;
			sourceTree = "<group>";
		};
		BF3261312A1E42D900579DB2 /* ViewModels */ = {
			isa = PBXGroup;
			children = (
				BFD714672A21A6D300CE7987 /* TitleViewModel.swift */,
				BFD714712A21F34700CE7987 /* TitlePreviewViewModel.swift */,
			);
			path = ViewModels;
			sourceTree = "<group>";
		};
		BF3261322A1E42E000579DB2 /* Models */ = {
			isa = PBXGroup;
			children = (
				BF2EAC232A20CF8E0070B93D /* Title.swift */,
				BFD7146D2A21CB3200CE7987 /* YoutubeSearchResponse.swift */,
			);
			path = Models;
			sourceTree = "<group>";
		};
		BF3261332A1E437D00579DB2 /* Resources */ = {
			isa = PBXGroup;
			children = (
				BF2EAC252A20D67C0070B93D /* Extensions.swift */,
			);
			path = Resources;
			sourceTree = "<group>";
		};
		BF3261342A1E438300579DB2 /* Managers */ = {
			isa = PBXGroup;
			children = (
				BF2EAC212A20CBE90070B93D /* APICaller.swift */,
			);
			path = Managers;
			sourceTree = "<group>";
		};
		BFD7146B2A21BAE500CE7987 /* Core */ = {
			isa = PBXGroup;
			children = (
				BF3261282A1E37C100579DB2 /* HomeViewController.swift */,
				BF32612A2A1E37D000579DB2 /* UpcomingViewController.swift */,
				BF32612C2A1E37F400579DB2 /* SearchViewController.swift */,
				BF32612E2A1E381100579DB2 /* DownloadsViewController.swift */,
				BF3261172A1E35CD00579DB2 /* MainTabBarViewController.swift */,
			);
			path = Core;
			sourceTree = "<group>";
		};
		BFD7146C2A21BAF800CE7987 /* General */ = {
			isa = PBXGroup;
			children = (
				BFD714692A21BAC100CE7987 /* SearchResultsViewController.swift */,
				BFD7146F2A21F0E300CE7987 /* TitlePreviewViewController.swift */,
			);
			path = General;
			sourceTree = "<group>";
		};
/* End PBXGroup section */

/* Begin PBXNativeTarget section */
		BF32610F2A1E35CD00579DB2 /* NetflixClone */ = {
			isa = PBXNativeTarget;
			buildConfigurationList = BF3261242A1E35CE00579DB2 /* Build configuration list for PBXNativeTarget "NetflixClone" */;
			buildPhases = (
				BF32610C2A1E35CD00579DB2 /* Sources */,
				BF32610D2A1E35CD00579DB2 /* Frameworks */,
				BF32610E2A1E35CD00579DB2 /* Resources */,
			);
			buildRules = (
			);
			dependencies = (
			);
			name = NetflixClone;
			packageProductDependencies = (
				BFD714612A20FCA000CE7987 /* SDWebImage */,
				BFD714632A20FCA000CE7987 /* SDWebImageMapKit */,
			);
			productName = NetflixClone;
			productReference = BF3261102A1E35CD00579DB2 /* NetflixClone.app */;
			productType = "com.apple.product-type.application";
		};
/* End PBXNativeTarget section */

/* Begin PBXProject section */
		BF3261082A1E35CD00579DB2 /* Project object */ = {
			isa = PBXProject;
			attributes = {
				BuildIndependentTargetsInParallel = 1;
				LastSwiftUpdateCheck = 1430;
				LastUpgradeCheck = 1430;
				TargetAttributes = {
					BF32610F2A1E35CD00579DB2 = {
						CreatedOnToolsVersion = 14.3;
					};
				};
			};
			buildConfigurationList = BF32610B2A1E35CD00579DB2 /* Build configuration list for PBXProject "NetflixClone" */;
			compatibilityVersion = "Xcode 14.0";
			developmentRegion = en;
			hasScannedForEncodings = 0;
			knownRegions = (
				en,
				Base,
			);
			mainGroup = BF3261072A1E35CD00579DB2;
			packageReferences = (
				BFD714602A20FCA000CE7987 /* XCRemoteSwiftPackageReference "SDWebImage" */,
			);
			productRefGroup = BF3261112A1E35CD00579DB2 /* Products */;
			projectDirPath = "";
			projectRoot = "";
			targets = (
				BF32610F2A1E35CD00579DB2 /* NetflixClone */,
			);
		};
/* End PBXProject section */

/* Begin PBXResourcesBuildPhase section */
		BF32610E2A1E35CD00579DB2 /* Resources */ = {
			isa = PBXResourcesBuildPhase;
			buildActionMask = 2147483647;
			files = (
				BF3261202A1E35CE00579DB2 /* LaunchScreen.storyboard in Resources */,
				BF32611D2A1E35CE00579DB2 /* Assets.xcassets in Resources */,
			);
			runOnlyForDeploymentPostprocessing = 0;
		};
/* End PBXResourcesBuildPhase section */

/* Begin PBXSourcesBuildPhase section */
		BF32610C2A1E35CD00579DB2 /* Sources */ = {
			isa = PBXSourcesBuildPhase;
			buildActionMask = 2147483647;
			files = (
				BFD714662A21A2C200CE7987 /* TitleTableViewCell.swift in Sources */,
				BF32612D2A1E37F400579DB2 /* SearchViewController.swift in Sources */,
				BFD7145F2A20FAE700CE7987 /* TitleCollectionViewCell.swift in Sources */,
				BF3261182A1E35CD00579DB2 /* MainTabBarViewController.swift in Sources */,
				BF3261362A1E443500579DB2 /* CollectionViewTableViewCell.swift in Sources */,
				BF2EAC222A20CBE90070B93D /* APICaller.swift in Sources */,
				BF3261382A1ED60100579DB2 /* HeroHeaderUIView.swift in Sources */,
				BF32612F2A1E381100579DB2 /* DownloadsViewController.swift in Sources */,
				BF3261142A1E35CD00579DB2 /* AppDelegate.swift in Sources */,
				BFD7146A2A21BAC100CE7987 /* SearchResultsViewController.swift in Sources */,
				BF2EAC262A20D67C0070B93D /* Extensions.swift in Sources */,
				BFD7146E2A21CB3200CE7987 /* YoutubeSearchResponse.swift in Sources */,
				BF3261162A1E35CD00579DB2 /* SceneDelegate.swift in Sources */,
				BFD714722A21F34700CE7987 /* TitlePreviewViewModel.swift in Sources */,
				BF32612B2A1E37D000579DB2 /* UpcomingViewController.swift in Sources */,
				BFD714702A21F0E300CE7987 /* TitlePreviewViewController.swift in Sources */,
				BF2EAC242A20CF8E0070B93D /* Title.swift in Sources */,
				BF3261292A1E37C100579DB2 /* HomeViewController.swift in Sources */,
				BFD714682A21A6D300CE7987 /* TitleViewModel.swift in Sources */,
			);
			runOnlyForDeploymentPostprocessing = 0;
		};
/* End PBXSourcesBuildPhase section */

/* Begin PBXVariantGroup section */
		BF32611E2A1E35CE00579DB2 /* LaunchScreen.storyboard */ = {
			isa = PBXVariantGroup;
			children = (
				BF32611F2A1E35CE00579DB2 /* Base */,
			);
			name = LaunchScreen.storyboard;
			sourceTree = "<group>";
		};
/* End PBXVariantGroup section */

/* Begin XCBuildConfiguration section */
		BF3261222A1E35CE00579DB2 /* Debug */ = {
			isa = XCBuildConfiguration;
			buildSettings = {
				ALWAYS_SEARCH_USER_PATHS = NO;
				CLANG_ANALYZER_NONNULL = YES;
				CLANG_ANALYZER_NUMBER_OBJECT_CONVERSION = YES_AGGRESSIVE;
				CLANG_CXX_LANGUAGE_STANDARD = "gnu++20";
				CLANG_ENABLE_MODULES = YES;
				CLANG_ENABLE_OBJC_ARC = YES;
				CLANG_ENABLE_OBJC_WEAK = YES;
				CLANG_WARN_BLOCK_CAPTURE_AUTORELEASING = YES;
				CLANG_WARN_BOOL_CONVERSION = YES;
				CLANG_WARN_COMMA = YES;
				CLANG_WARN_CONSTANT_CONVERSION = YES;
				CLANG_WARN_DEPRECATED_OBJC_IMPLEMENTATIONS = YES;
				CLANG_WARN_DIRECT_OBJC_ISA_USAGE = YES_ERROR;
				CLANG_WARN_DOCUMENTATION_COMMENTS = YES;
				CLANG_WARN_EMPTY_BODY = YES;
				CLANG_WARN_ENUM_CONVERSION = YES;
				CLANG_WARN_INFINITE_RECURSION = YES;
				CLANG_WARN_INT_CONVERSION = YES;
				CLANG_WARN_NON_LITERAL_NULL_CONVERSION = YES;
				CLANG_WARN_OBJC_IMPLICIT_RETAIN_SELF = YES;
				CLANG_WARN_OBJC_LITERAL_CONVERSION = YES;
				CLANG_WARN_OBJC_ROOT_CLASS = YES_ERROR;
				CLANG_WARN_QUOTED_INCLUDE_IN_FRAMEWORK_HEADER = YES;
				CLANG_WARN_RANGE_LOOP_ANALYSIS = YES;
				CLANG_WARN_STRICT_PROTOTYPES = YES;
				CLANG_WARN_SUSPICIOUS_MOVE = YES;
				CLANG_WARN_UNGUARDED_AVAILABILITY = YES_AGGRESSIVE;
				CLANG_WARN_UNREACHABLE_CODE = YES;
				CLANG_WARN__DUPLICATE_METHOD_MATCH = YES;
				COPY_PHASE_STRIP = NO;
				DEBUG_INFORMATION_FORMAT = dwarf;
				ENABLE_STRICT_OBJC_MSGSEND = YES;
				ENABLE_TESTABILITY = YES;
				GCC_C_LANGUAGE_STANDARD = gnu11;
				GCC_DYNAMIC_NO_PIC = NO;
				GCC_NO_COMMON_BLOCKS = YES;
				GCC_OPTIMIZATION_LEVEL = 0;
				GCC_PREPROCESSOR_DEFINITIONS = (
					"DEBUG=1",
					"$(inherited)",
				);
				GCC_WARN_64_TO_32_BIT_CONVERSION = YES;
				GCC_WARN_ABOUT_RETURN_TYPE = YES_ERROR;
				GCC_WARN_UNDECLARED_SELECTOR = YES;
				GCC_WARN_UNINITIALIZED_AUTOS = YES_AGGRESSIVE;
				GCC_WARN_UNUSED_FUNCTION = YES;
				GCC_WARN_UNUSED_VARIABLE = YES;
				IPHONEOS_DEPLOYMENT_TARGET = 16.4;
				MTL_ENABLE_DEBUG_INFO = INCLUDE_SOURCE;
				MTL_FAST_MATH = YES;
				ONLY_ACTIVE_ARCH = YES;
				SDKROOT = iphoneos;
				SWIFT_ACTIVE_COMPILATION_CONDITIONS = DEBUG;
				SWIFT_OPTIMIZATION_LEVEL = "-Onone";
			};
			name = Debug;
		};
		BF3261232A1E35CE00579DB2 /* Release */ = {
			isa = XCBuildConfiguration;
			buildSettings = {
				ALWAYS_SEARCH_USER_PATHS = NO;
				CLANG_ANALYZER_NONNULL = YES;
				CLANG_ANALYZER_NUMBER_OBJECT_CONVERSION = YES_AGGRESSIVE;
				CLANG_CXX_LANGUAGE_STANDARD = "gnu++20";
				CLANG_ENABLE_MODULES = YES;
				CLANG_ENABLE_OBJC_ARC = YES;
				CLANG_ENABLE_OBJC_WEAK = YES;
				CLANG_WARN_BLOCK_CAPTURE_AUTORELEASING = YES;
				CLANG_WARN_BOOL_CONVERSION = YES;
				CLANG_WARN_COMMA = YES;
				CLANG_WARN_CONSTANT_CONVERSION = YES;
				CLANG_WARN_DEPRECATED_OBJC_IMPLEMENTATIONS = YES;
				CLANG_WARN_DIRECT_OBJC_ISA_USAGE = YES_ERROR;
				CLANG_WARN_DOCUMENTATION_COMMENTS = YES;
				CLANG_WARN_EMPTY_BODY = YES;
				CLANG_WARN_ENUM_CONVERSION = YES;
				CLANG_WARN_INFINITE_RECURSION = YES;
				CLANG_WARN_INT_CONVERSION = YES;
				CLANG_WARN_NON_LITERAL_NULL_CONVERSION = YES;
				CLANG_WARN_OBJC_IMPLICIT_RETAIN_SELF = YES;
				CLANG_WARN_OBJC_LITERAL_CONVERSION = YES;
				CLANG_WARN_OBJC_ROOT_CLASS = YES_ERROR;
				CLANG_WARN_QUOTED_INCLUDE_IN_FRAMEWORK_HEADER = YES;
				CLANG_WARN_RANGE_LOOP_ANALYSIS = YES;
				CLANG_WARN_STRICT_PROTOTYPES = YES;
				CLANG_WARN_SUSPICIOUS_MOVE = YES;
				CLANG_WARN_UNGUARDED_AVAILABILITY = YES_AGGRESSIVE;
				CLANG_WARN_UNREACHABLE_CODE = YES;
				CLANG_WARN__DUPLICATE_METHOD_MATCH = YES;
				COPY_PHASE_STRIP = NO;
				DEBUG_INFORMATION_FORMAT = "dwarf-with-dsym";
				ENABLE_NS_ASSERTIONS = NO;
				ENABLE_STRICT_OBJC_MSGSEND = YES;
				GCC_C_LANGUAGE_STANDARD = gnu11;
				GCC_NO_COMMON_BLOCKS = YES;
				GCC_WARN_64_TO_32_BIT_CONVERSION = YES;
				GCC_WARN_ABOUT_RETURN_TYPE = YES_ERROR;
				GCC_WARN_UNDECLARED_SELECTOR = YES;
				GCC_WARN_UNINITIALIZED_AUTOS = YES_AGGRESSIVE;
				GCC_WARN_UNUSED_FUNCTION = YES;
				GCC_WARN_UNUSED_VARIABLE = YES;
				IPHONEOS_DEPLOYMENT_TARGET = 16.4;
				MTL_ENABLE_DEBUG_INFO = NO;
				MTL_FAST_MATH = YES;
				SDKROOT = iphoneos;
				SWIFT_COMPILATION_MODE = wholemodule;
				SWIFT_OPTIMIZATION_LEVEL = "-O";
				VALIDATE_PRODUCT = YES;
			};
			name = Release;
		};
		BF3261252A1E35CE00579DB2 /* Debug */ = {
			isa = XCBuildConfiguration;
			buildSettings = {
				ASSETCATALOG_COMPILER_APPICON_NAME = AppIcon;
				ASSETCATALOG_COMPILER_GLOBAL_ACCENT_COLOR_NAME = AccentColor;
				CODE_SIGN_STYLE = Automatic;
				CURRENT_PROJECT_VERSION = 1;
				DEVELOPMENT_TEAM = MW8J28522L;
				GENERATE_INFOPLIST_FILE = YES;
				INFOPLIST_FILE = NetflixClone/Info.plist;
				INFOPLIST_KEY_UIApplicationSupportsIndirectInputEvents = YES;
				INFOPLIST_KEY_UILaunchStoryboardName = LaunchScreen;
				INFOPLIST_KEY_UISupportedInterfaceOrientations_iPad = "UIInterfaceOrientationPortrait UIInterfaceOrientationPortraitUpsideDown UIInterfaceOrientationLandscapeLeft UIInterfaceOrientationLandscapeRight";
				INFOPLIST_KEY_UISupportedInterfaceOrientations_iPhone = "UIInterfaceOrientationPortrait UIInterfaceOrientationLandscapeLeft UIInterfaceOrientationLandscapeRight";
				IPHONEOS_DEPLOYMENT_TARGET = 16.0;
				LD_RUNPATH_SEARCH_PATHS = (
					"$(inherited)",
					"@executable_path/Frameworks",
				);
				MARKETING_VERSION = 1.0;
				PRODUCT_BUNDLE_IDENTIFIER = com.Jun.NetflixClone;
				PRODUCT_NAME = "$(TARGET_NAME)";
				SWIFT_EMIT_LOC_STRINGS = YES;
				SWIFT_VERSION = 5.0;
				TARGETED_DEVICE_FAMILY = "1,2";
			};
			name = Debug;
		};
		BF3261262A1E35CE00579DB2 /* Release */ = {
			isa = XCBuildConfiguration;
			buildSettings = {
				ASSETCATALOG_COMPILER_APPICON_NAME = AppIcon;
				ASSETCATALOG_COMPILER_GLOBAL_ACCENT_COLOR_NAME = AccentColor;
				CODE_SIGN_STYLE = Automatic;
				CURRENT_PROJECT_VERSION = 1;
				DEVELOPMENT_TEAM = MW8J28522L;
				GENERATE_INFOPLIST_FILE = YES;
				INFOPLIST_FILE = NetflixClone/Info.plist;
				INFOPLIST_KEY_UIApplicationSupportsIndirectInputEvents = YES;
				INFOPLIST_KEY_UILaunchStoryboardName = LaunchScreen;
				INFOPLIST_KEY_UISupportedInterfaceOrientations_iPad = "UIInterfaceOrientationPortrait UIInterfaceOrientationPortraitUpsideDown UIInterfaceOrientationLandscapeLeft UIInterfaceOrientationLandscapeRight";
				INFOPLIST_KEY_UISupportedInterfaceOrientations_iPhone = "UIInterfaceOrientationPortrait UIInterfaceOrientationLandscapeLeft UIInterfaceOrientationLandscapeRight";
				IPHONEOS_DEPLOYMENT_TARGET = 16.0;
				LD_RUNPATH_SEARCH_PATHS = (
					"$(inherited)",
					"@executable_path/Frameworks",
				);
				MARKETING_VERSION = 1.0;
				PRODUCT_BUNDLE_IDENTIFIER = com.Jun.NetflixClone;
				PRODUCT_NAME = "$(TARGET_NAME)";
				SWIFT_EMIT_LOC_STRINGS = YES;
				SWIFT_VERSION = 5.0;
				TARGETED_DEVICE_FAMILY = "1,2";
			};
			name = Release;
		};
/* End XCBuildConfiguration section */

/* Begin XCConfigurationList section */
		BF32610B2A1E35CD00579DB2 /* Build configuration list for PBXProject "NetflixClone" */ = {
			isa = XCConfigurationList;
			buildConfigurations = (
				BF3261222A1E35CE00579DB2 /* Debug */,
				BF3261232A1E35CE00579DB2 /* Release */,
			);
			defaultConfigurationIsVisible = 0;
			defaultConfigurationName = Release;
		};
		BF3261242A1E35CE00579DB2 /* Build configuration list for PBXNativeTarget "NetflixClone" */ = {
			isa = XCConfigurationList;
			buildConfigurations = (
				BF3261252A1E35CE00579DB2 /* Debug */,
				BF3261262A1E35CE00579DB2 /* Release */,
			);
			defaultConfigurationIsVisible = 0;
			defaultConfigurationName = Release;
		};
/* End XCConfigurationList section */

/* Begin XCRemoteSwiftPackageReference section */
		BFD714602A20FCA000CE7987 /* XCRemoteSwiftPackageReference "SDWebImage" */ = {
			isa = XCRemoteSwiftPackageReference;
			repositoryURL = "https://github.com/SDWebImage/SDWebImage.git";
			requirement = {
				kind = upToNextMajorVersion;
				minimumVersion = 5.0.0;
			};
		};
/* End XCRemoteSwiftPackageReference section */

/* Begin XCSwiftPackageProductDependency section */
		BFD714612A20FCA000CE7987 /* SDWebImage */ = {
			isa = XCSwiftPackageProductDependency;
			package = BFD714602A20FCA000CE7987 /* XCRemoteSwiftPackageReference "SDWebImage" */;
			productName = SDWebImage;
		};
		BFD714632A20FCA000CE7987 /* SDWebImageMapKit */ = {
			isa = XCSwiftPackageProductDependency;
			package = BFD714602A20FCA000CE7987 /* XCRemoteSwiftPackageReference "SDWebImage" */;
			productName = SDWebImageMapKit;
		};
/* End XCSwiftPackageProductDependency section */
	};
	rootObject = BF3261082A1E35CD00579DB2 /* Project object */;
}
